// !$*UTF8*$!
{
	archiveVersion = 1;
	classes = {
	};
	objectVersion = 50;
	objects = {

/* Begin PBXBuildFile section */
		8527756DF563F26AD2A658E5 /* Pods_Lottie_Animation.framework in Frameworks */ = {isa = PBXBuildFile; fileRef = AD10469D90290FF5A7481EA9 /* Pods_Lottie_Animation.framework */; };
		9424670C227FFDCF00A373A1 /* AppDelegate.swift in Sources */ = {isa = PBXBuildFile; fileRef = 9424670B227FFDCF00A373A1 /* AppDelegate.swift */; };
		9424670E227FFDCF00A373A1 /* ViewController.swift in Sources */ = {isa = PBXBuildFile; fileRef = 9424670D227FFDCF00A373A1 /* ViewController.swift */; };
		94246711227FFDCF00A373A1 /* Main.storyboard in Resources */ = {isa = PBXBuildFile; fileRef = 9424670F227FFDCF00A373A1 /* Main.storyboard */; };
		94246713227FFDD100A373A1 /* Assets.xcassets in Resources */ = {isa = PBXBuildFile; fileRef = 94246712227FFDD100A373A1 /* Assets.xcassets */; };
		94246716227FFDD100A373A1 /* LaunchScreen.storyboard in Resources */ = {isa = PBXBuildFile; fileRef = 94246714227FFDD100A373A1 /* LaunchScreen.storyboard */; };
		942B7240228000C90043A2BD /* 433-checked-done.json in Resources */ = {isa = PBXBuildFile; fileRef = 942B723F228000C90043A2BD /* 433-checked-done.json */; };
		942B7242228003B00043A2BD /* data.json in Resources */ = {isa = PBXBuildFile; fileRef = 942B7241228003AF0043A2BD /* data.json */; };
		942B7244228005BA0043A2BD /* data 2.json in Resources */ = {isa = PBXBuildFile; fileRef = 942B7243228005BA0043A2BD /* data 2.json */; };
		942B7246228009310043A2BD /* data 3.json in Resources */ = {isa = PBXBuildFile; fileRef = 942B7245228009310043A2BD /* data 3.json */; };
		942B72482280231A0043A2BD /* data 4.json in Resources */ = {isa = PBXBuildFile; fileRef = 942B72472280231A0043A2BD /* data 4.json */; };
/* End PBXBuildFile section */

/* Begin PBXFileReference section */
		76C39107AB3834E95B7D8EA4 /* Pods-Lottie Animation.debug.xcconfig */ = {isa = PBXFileReference; includeInIndex = 1; lastKnownFileType = text.xcconfig; name = "Pods-Lottie Animation.debug.xcconfig"; path = "Pods/Target Support Files/Pods-Lottie Animation/Pods-Lottie Animation.debug.xcconfig"; sourceTree = "<group>"; };
		94246708227FFDCF00A373A1 /* Lottie Animation.app */ = {isa = PBXFileReference; explicitFileType = wrapper.application; includeInIndex = 0; path = "Lottie Animation.app"; sourceTree = BUILT_PRODUCTS_DIR; };
		9424670B227FFDCF00A373A1 /* AppDelegate.swift */ = {isa = PBXFileReference; lastKnownFileType = sourcecode.swift; path = AppDelegate.swift; sourceTree = "<group>"; };
		9424670D227FFDCF00A373A1 /* ViewController.swift */ = {isa = PBXFileReference; lastKnownFileType = sourcecode.swift; path = ViewController.swift; sourceTree = "<group>"; };
		94246710227FFDCF00A373A1 /* Base */ = {isa = PBXFileReference; lastKnownFileType = file.storyboard; name = Base; path = Base.lproj/Main.storyboard; sourceTree = "<group>"; };
		94246712227FFDD100A373A1 /* Assets.xcassets */ = {isa = PBXFileReference; lastKnownFileType = folder.assetcatalog; path = Assets.xcassets; sourceTree = "<group>"; };
		94246715227FFDD100A373A1 /* Base */ = {isa = PBXFileReference; lastKnownFileType = file.storyboard; name = Base; path = Base.lproj/LaunchScreen.storyboard; sourceTree = "<group>"; };
		94246717227FFDD100A373A1 /* Info.plist */ = {isa = PBXFileReference; lastKnownFileType = text.plist.xml; path = Info.plist; sourceTree = "<group>"; };
		942B723F228000C90043A2BD /* 433-checked-done.json */ = {isa = PBXFileReference; fileEncoding = 4; lastKnownFileType = text.json; path = "433-checked-done.json"; sourceTree = "<group>"; };
		942B7241228003AF0043A2BD /* data.json */ = {isa = PBXFileReference; fileEncoding = 4; lastKnownFileType = text.json; path = data.json; sourceTree = "<group>"; };
		942B7243228005BA0043A2BD /* data 2.json */ = {isa = PBXFileReference; fileEncoding = 4; lastKnownFileType = text.json; path = "data 2.json"; sourceTree = "<group>"; };
		942B7245228009310043A2BD /* data 3.json */ = {isa = PBXFileReference; fileEncoding = 4; lastKnownFileType = text.json; path = "data 3.json"; sourceTree = "<group>"; };
		942B72472280231A0043A2BD /* data 4.json */ = {isa = PBXFileReference; fileEncoding = 4; lastKnownFileType = text.json; path = "data 4.json"; sourceTree = "<group>"; };
		AD10469D90290FF5A7481EA9 /* Pods_Lottie_Animation.framework */ = {isa = PBXFileReference; explicitFileType = wrapper.framework; includeInIndex = 0; path = Pods_Lottie_Animation.framework; sourceTree = BUILT_PRODUCTS_DIR; };
		DA31BFE3FAC9294E81B43D72 /* Pods-Lottie Animation.release.xcconfig */ = {isa = PBXFileReference; includeInIndex = 1; lastKnownFileType = text.xcconfig; name = "Pods-Lottie Animation.release.xcconfig"; path = "Pods/Target Support Files/Pods-Lottie Animation/Pods-Lottie Animation.release.xcconfig"; sourceTree = "<group>"; };
/* End PBXFileReference section */

/* Begin PBXFrameworksBuildPhase section */
		94246705227FFDCF00A373A1 /* Frameworks */ = {
			isa = PBXFrameworksBuildPhase;
			buildActionMask = 2147483647;
			files = (
				8527756DF563F26AD2A658E5 /* Pods_Lottie_Animation.framework in Frameworks */,
			);
			runOnlyForDeploymentPostprocessing = 0;
		};
/* End PBXFrameworksBuildPhase section */

/* Begin PBXGroup section */
		90C82FF212F56A8EAE04D673 /* Frameworks */ = {
			isa = PBXGroup;
			children = (
				AD10469D90290FF5A7481EA9 /* Pods_Lottie_Animation.framework */,
			);
			name = Frameworks;
			sourceTree = "<group>";
		};
		942466FF227FFDCF00A373A1 = {
			isa = PBXGroup;
			children = (
				9424670A227FFDCF00A373A1 /* Lottie Animation */,
				94246709227FFDCF00A373A1 /* Products */,
				D63CF2C35D81392341F33AD4 /* Pods */,
				90C82FF212F56A8EAE04D673 /* Frameworks */,
			);
			sourceTree = "<group>";
		};
		94246709227FFDCF00A373A1 /* Products */ = {
			isa = PBXGroup;
			children = (
				94246708227FFDCF00A373A1 /* Lottie Animation.app */,
			);
			name = Products;
			sourceTree = "<group>";
		};
		9424670A227FFDCF00A373A1 /* Lottie Animation */ = {
			isa = PBXGroup;
			children = (
				942B72472280231A0043A2BD /* data 4.json */,
				942B7245228009310043A2BD /* data 3.json */,
				942B7243228005BA0043A2BD /* data 2.json */,
				942B7241228003AF0043A2BD /* data.json */,
				942B723F228000C90043A2BD /* 433-checked-done.json */,
				9424670B227FFDCF00A373A1 /* AppDelegate.swift */,
				9424670D227FFDCF00A373A1 /* ViewController.swift */,
				9424670F227FFDCF00A373A1 /* Main.storyboard */,
				94246712227FFDD100A373A1 /* Assets.xcassets */,
				94246714227FFDD100A373A1 /* LaunchScreen.storyboard */,
				94246717227FFDD100A373A1 /* Info.plist */,
			);
			path = "Lottie Animation";
			sourceTree = "<group>";
		};
		D63CF2C35D81392341F33AD4 /* Pods */ = {
			isa = PBXGroup;
			children = (
				76C39107AB3834E95B7D8EA4 /* Pods-Lottie Animation.debug.xcconfig */,
				DA31BFE3FAC9294E81B43D72 /* Pods-Lottie Animation.release.xcconfig */,
			);
			name = Pods;
			sourceTree = "<group>";
		};
/* End PBXGroup section */

/* Begin PBXNativeTarget section */
		94246707227FFDCF00A373A1 /* Lottie Animation */ = {
			isa = PBXNativeTarget;
			buildConfigurationList = 9424671A227FFDD100A373A1 /* Build configuration list for PBXNativeTarget "Lottie Animation" */;
			buildPhases = (
				60B1804DC808415ED63270B4 /* [CP] Check Pods Manifest.lock */,
				94246704227FFDCF00A373A1 /* Sources */,
				94246705227FFDCF00A373A1 /* Frameworks */,
				94246706227FFDCF00A373A1 /* Resources */,
				9C874BA28EC446CF78012A54 /* [CP] Embed Pods Frameworks */,
			);
			buildRules = (
			);
			dependencies = (
			);
			name = "Lottie Animation";
			productName = "Lottie Animation";
			productReference = 94246708227FFDCF00A373A1 /* Lottie Animation.app */;
			productType = "com.apple.product-type.application";
		};
/* End PBXNativeTarget section */

/* Begin PBXProject section */
		94246700227FFDCF00A373A1 /* Project object */ = {
			isa = PBXProject;
			attributes = {
				LastSwiftUpdateCheck = 1020;
				LastUpgradeCheck = 1020;
				ORGANIZATIONNAME = "Nitin Bhatia";
				TargetAttributes = {
					94246707227FFDCF00A373A1 = {
						CreatedOnToolsVersion = 10.2;
					};
				};
			};
			buildConfigurationList = 94246703227FFDCF00A373A1 /* Build configuration list for PBXProject "Lottie Animation" */;
			compatibilityVersion = "Xcode 9.3";
			developmentRegion = en;
			hasScannedForEncodings = 0;
			knownRegions = (
				en,
				Base,
			);
			mainGroup = 942466FF227FFDCF00A373A1;
			productRefGroup = 94246709227FFDCF00A373A1 /* Products */;
			projectDirPath = "";
			projectRoot = "";
			targets = (
				94246707227FFDCF00A373A1 /* Lottie Animation */,
			);
		};
/* End PBXProject section */

/* Begin PBXResourcesBuildPhase section */
		94246706227FFDCF00A373A1 /* Resources */ = {
			isa = PBXResourcesBuildPhase;
			buildActionMask = 2147483647;
			files = (
				942B7246228009310043A2BD /* data 3.json in Resources */,
				942B72482280231A0043A2BD /* data 4.json in Resources */,
				94246716227FFDD100A373A1 /* LaunchScreen.storyboard in Resources */,
				942B7244228005BA0043A2BD /* data 2.json in Resources */,
				94246713227FFDD100A373A1 /* Assets.xcassets in Resources */,
				942B7240228000C90043A2BD /* 433-checked-done.json in Resources */,
				942B7242228003B00043A2BD /* data.json in Resources */,
				94246711227FFDCF00A373A1 /* Main.storyboard in Resources */,
			);
			runOnlyForDeploymentPostprocessing = 0;
		};
/* End PBXResourcesBuildPhase section */

/* Begin PBXShellScriptBuildPhase section */
		60B1804DC808415ED63270B4 /* [CP] Check Pods Manifest.lock */ = {
			isa = PBXShellScriptBuildPhase;
			buildActionMask = 2147483647;
			files = (
			);
			inputPaths = (
				"${PODS_PODFILE_DIR_PATH}/Podfile.lock",
				"${PODS_ROOT}/Manifest.lock",
			);
			name = "[CP] Check Pods Manifest.lock";
			outputPaths = (
				"$(DERIVED_FILE_DIR)/Pods-Lottie Animation-checkManifestLockResult.txt",
			);
			runOnlyForDeploymentPostprocessing = 0;
			shellPath = /bin/sh;
			shellScript = "diff \"${PODS_PODFILE_DIR_PATH}/Podfile.lock\" \"${PODS_ROOT}/Manifest.lock\" > /dev/null\nif [ $? != 0 ] ; then\n    # print error to STDERR\n    echo \"error: The sandbox is not in sync with the Podfile.lock. Run 'pod install' or update your CocoaPods installation.\" >&2\n    exit 1\nfi\n# This output is used by Xcode 'outputs' to avoid re-running this script phase.\necho \"SUCCESS\" > \"${SCRIPT_OUTPUT_FILE_0}\"\n";
			showEnvVarsInLog = 0;
		};
		9C874BA28EC446CF78012A54 /* [CP] Embed Pods Frameworks */ = {
			isa = PBXShellScriptBuildPhase;
			buildActionMask = 2147483647;
			files = (
			);
			inputPaths = (
				"${SRCROOT}/Pods/Target Support Files/Pods-Lottie Animation/Pods-Lottie Animation-frameworks.sh",
				"${BUILT_PRODUCTS_DIR}/lottie-ios/Lottie.framework",
			);
			name = "[CP] Embed Pods Frameworks";
			outputPaths = (
				"${TARGET_BUILD_DIR}/${FRAMEWORKS_FOLDER_PATH}/Lottie.framework",
			);
			runOnlyForDeploymentPostprocessing = 0;
			shellPath = /bin/sh;
			shellScript = "\"${SRCROOT}/Pods/Target Support Files/Pods-Lottie Animation/Pods-Lottie Animation-frameworks.sh\"\n";
			showEnvVarsInLog = 0;
		};
/* End PBXShellScriptBuildPhase section */

/* Begin PBXSourcesBuildPhase section */
		94246704227FFDCF00A373A1 /* Sources */ = {
			isa = PBXSourcesBuildPhase;
			buildActionMask = 2147483647;
			files = (
				9424670E227FFDCF00A373A1 /* ViewController.swift in Sources */,
				9424670C227FFDCF00A373A1 /* AppDelegate.swift in Sources */,
			);
			runOnlyForDeploymentPostprocessing = 0;
		};
/* End PBXSourcesBuildPhase section */

/* Begin PBXVariantGroup section */
		9424670F227FFDCF00A373A1 /* Main.storyboard */ = {
			isa = PBXVariantGroup;
			children = (
				94246710227FFDCF00A373A1 /* Base */,
			);
			name = Main.storyboard;
			sourceTree = "<group>";
		};
		94246714227FFDD100A373A1 /* LaunchScreen.storyboard */ = {
			isa = PBXVariantGroup;
			children = (
				94246715227FFDD100A373A1 /* Base */,
			);
			name = LaunchScreen.storyboard;
			sourceTree = "<group>";
		};
/* End PBXVariantGroup section */

/* Begin XCBuildConfiguration section */
		94246718227FFDD100A373A1 /* Debug */ = {
			isa = XCBuildConfiguration;
			buildSettings = {
				ALWAYS_SEARCH_USER_PATHS = NO;
				CLANG_ANALYZER_NONNULL = YES;
				CLANG_ANALYZER_NUMBER_OBJECT_CONVERSION = YES_AGGRESSIVE;
				CLANG_CXX_LANGUAGE_STANDARD = "gnu++14";
				CLANG_CXX_LIBRARY = "libc++";
				CLANG_ENABLE_MODULES = YES;
				CLANG_ENABLE_OBJC_ARC = YES;
				CLANG_ENABLE_OBJC_WEAK = YES;
				CLANG_WARN_BLOCK_CAPTURE_AUTORELEASING = YES;
				CLANG_WARN_BOOL_CONVERSION = YES;
				CLANG_WARN_COMMA = YES;
				CLANG_WARN_CONSTANT_CONVERSION = YES;
				CLANG_WARN_DEPRECATED_OBJC_IMPLEMENTATIONS = YES;
				CLANG_WARN_DIRECT_OBJC_ISA_USAGE = YES_ERROR;
				CLANG_WARN_DOCUMENTATION_COMMENTS = YES;
				CLANG_WARN_EMPTY_BODY = YES;
				CLANG_WARN_ENUM_CONVERSION = YES;
				CLANG_WARN_INFINITE_RECURSION = YES;
				CLANG_WARN_INT_CONVERSION = YES;
				CLANG_WARN_NON_LITERAL_NULL_CONVERSION = YES;
				CLANG_WARN_OBJC_IMPLICIT_RETAIN_SELF = YES;
				CLANG_WARN_OBJC_LITERAL_CONVERSION = YES;
				CLANG_WARN_OBJC_ROOT_CLASS = YES_ERROR;
				CLANG_WARN_RANGE_LOOP_ANALYSIS = YES;
				CLANG_WARN_STRICT_PROTOTYPES = YES;
				CLANG_WARN_SUSPICIOUS_MOVE = YES;
				CLANG_WARN_UNGUARDED_AVAILABILITY = YES_AGGRESSIVE;
				CLANG_WARN_UNREACHABLE_CODE = YES;
				CLANG_WARN__DUPLICATE_METHOD_MATCH = YES;
				CODE_SIGN_IDENTITY = "iPhone Developer";
				COPY_PHASE_STRIP = NO;
				DEBUG_INFORMATION_FORMAT = dwarf;
				ENABLE_STRICT_OBJC_MSGSEND = YES;
				ENABLE_TESTABILITY = YES;
				GCC_C_LANGUAGE_STANDARD = gnu11;
				GCC_DYNAMIC_NO_PIC = NO;
				GCC_NO_COMMON_BLOCKS = YES;
				GCC_OPTIMIZATION_LEVEL = 0;
				GCC_PREPROCESSOR_DEFINITIONS = (
					"DEBUG=1",
					"$(inherited)",
				);
				GCC_WARN_64_TO_32_BIT_CONVERSION = YES;
				GCC_WARN_ABOUT_RETURN_TYPE = YES_ERROR;
				GCC_WARN_UNDECLARED_SELECTOR = YES;
				GCC_WARN_UNINITIALIZED_AUTOS = YES_AGGRESSIVE;
				GCC_WARN_UNUSED_FUNCTION = YES;
				GCC_WARN_UNUSED_VARIABLE = YES;
				IPHONEOS_DEPLOYMENT_TARGET = 12.2;
				MTL_ENABLE_DEBUG_INFO = INCLUDE_SOURCE;
				MTL_FAST_MATH = YES;
				ONLY_ACTIVE_ARCH = YES;
				SDKROOT = iphoneos;
				SWIFT_ACTIVE_COMPILATION_CONDITIONS = DEBUG;
				SWIFT_OPTIMIZATION_LEVEL = "-Onone";
			};
			name = Debug;
		};
		94246719227FFDD100A373A1 /* Release */ = {
			isa = XCBuildConfiguration;
			buildSettings = {
				ALWAYS_SEARCH_USER_PATHS = NO;
				CLANG_ANALYZER_NONNULL = YES;
				CLANG_ANALYZER_NUMBER_OBJECT_CONVERSION = YES_AGGRESSIVE;
				CLANG_CXX_LANGUAGE_STANDARD = "gnu++14";
				CLANG_CXX_LIBRARY = "libc++";
				CLANG_ENABLE_MODULES = YES;
				CLANG_ENABLE_OBJC_ARC = YES;
				CLANG_ENABLE_OBJC_WEAK = YES;
				CLANG_WARN_BLOCK_CAPTURE_AUTORELEASING = YES;
				CLANG_WARN_BOOL_CONVERSION = YES;
				CLANG_WARN_COMMA = YES;
				CLANG_WARN_CONSTANT_CONVERSION = YES;
				CLANG_WARN_DEPRECATED_OBJC_IMPLEMENTATIONS = YES;
				CLANG_WARN_DIRECT_OBJC_ISA_USAGE = YES_ERROR;
				CLANG_WARN_DOCUMENTATION_COMMENTS = YES;
				CLANG_WARN_EMPTY_BODY = YES;
				CLANG_WARN_ENUM_CONVERSION = YES;
				CLANG_WARN_INFINITE_RECURSION = YES;
				CLANG_WARN_INT_CONVERSION = YES;
				CLANG_WARN_NON_LITERAL_NULL_CONVERSION = YES;
				CLANG_WARN_OBJC_IMPLICIT_RETAIN_SELF = YES;
				CLANG_WARN_OBJC_LITERAL_CONVERSION = YES;
				CLANG_WARN_OBJC_ROOT_CLASS = YES_ERROR;
				CLANG_WARN_RANGE_LOOP_ANALYSIS = YES;
				CLANG_WARN_STRICT_PROTOTYPES = YES;
				CLANG_WARN_SUSPICIOUS_MOVE = YES;
				CLANG_WARN_UNGUARDED_AVAILABILITY = YES_AGGRESSIVE;
				CLANG_WARN_UNREACHABLE_CODE = YES;
				CLANG_WARN__DUPLICATE_METHOD_MATCH = YES;
				CODE_SIGN_IDENTITY = "iPhone Developer";
				COPY_PHASE_STRIP = NO;
				DEBUG_INFORMATION_FORMAT = "dwarf-with-dsym";
				ENABLE_NS_ASSERTIONS = NO;
				ENABLE_STRICT_OBJC_MSGSEND = YES;
				GCC_C_LANGUAGE_STANDARD = gnu11;
				GCC_NO_COMMON_BLOCKS = YES;
				GCC_WARN_64_TO_32_BIT_CONVERSION = YES;
				GCC_WARN_ABOUT_RETURN_TYPE = YES_ERROR;
				GCC_WARN_UNDECLARED_SELECTOR = YES;
				GCC_WARN_UNINITIALIZED_AUTOS = YES_AGGRESSIVE;
				GCC_WARN_UNUSED_FUNCTION = YES;
				GCC_WARN_UNUSED_VARIABLE = YES;
				IPHONEOS_DEPLOYMENT_TARGET = 12.2;
				MTL_ENABLE_DEBUG_INFO = NO;
				MTL_FAST_MATH = YES;
				SDKROOT = iphoneos;
				SWIFT_COMPILATION_MODE = wholemodule;
				SWIFT_OPTIMIZATION_LEVEL = "-O";
				VALIDATE_PRODUCT = YES;
			};
			name = Release;
		};
		9424671B227FFDD100A373A1 /* Debug */ = {
			isa = XCBuildConfiguration;
			baseConfigurationReference = 76C39107AB3834E95B7D8EA4 /* Pods-Lottie Animation.debug.xcconfig */;
			buildSettings = {
				ASSETCATALOG_COMPILER_APPICON_NAME = AppIcon;
				CODE_SIGN_STYLE = Automatic;
				INFOPLIST_FILE = "Lottie Animation/Info.plist";
				LD_RUNPATH_SEARCH_PATHS = (
					"$(inherited)",
					"@executable_path/Frameworks",
				);
				PRODUCT_BUNDLE_IDENTIFIER = "Nitin-Bhatia.Lottie-Animation";
				PRODUCT_NAME = "$(TARGET_NAME)";
				SWIFT_VERSION = 5.0;
				TARGETED_DEVICE_FAMILY = "1,2";
			};
			name = Debug;
		};
		9424671C227FFDD100A373A1 /* Release */ = {
			isa = XCBuildConfiguration;
			baseConfigurationReference = DA31BFE3FAC9294E81B43D72 /* Pods-Lottie Animation.release.xcconfig */;
			buildSettings = {
				ASSETCATALOG_COMPILER_APPICON_NAME = AppIcon;
				CODE_SIGN_STYLE = Automatic;
				INFOPLIST_FILE = "Lottie Animation/Info.plist";
				LD_RUNPATH_SEARCH_PATHS = (
					"$(inherited)",
					"@executable_path/Frameworks",
				);
				PRODUCT_BUNDLE_IDENTIFIER = "Nitin-Bhatia.Lottie-Animation";
				PRODUCT_NAME = "$(TARGET_NAME)";
				SWIFT_VERSION = 5.0;
				TARGETED_DEVICE_FAMILY = "1,2";
			};
			name = Release;
		};
/* End XCBuildConfiguration section */

/* Begin XCConfigurationList section */
		94246703227FFDCF00A373A1 /* Build configuration list for PBXProject "Lottie Animation" */ = {
			isa = XCConfigurationList;
			buildConfigurations = (
				94246718227FFDD100A373A1 /* Debug */,
				94246719227FFDD100A373A1 /* Release */,
			);
			defaultConfigurationIsVisible = 0;
			defaultConfigurationName = Release;
		};
		9424671A227FFDD100A373A1 /* Build configuration list for PBXNativeTarget "Lottie Animation" */ = {
			isa = XCConfigurationList;
			buildConfigurations = (
				9424671B227FFDD100A373A1 /* Debug */,
				9424671C227FFDD100A373A1 /* Release */,
			);
			defaultConfigurationIsVisible = 0;
			defaultConfigurationName = Release;
		};
/* End XCConfigurationList section */
	};
	rootObject = 94246700227FFDCF00A373A1 /* Project object */;
}
